
Microsoft Visual Studio Solution File, Format Version 12.00
Project("{FAE04EC0-301F-11D3-BF4B-00C04F79EFBC}") = "WindowsProxmoxSpiceHelper", "WindowsProxmoxSpiceHelper\WindowsProxmoxSpiceHelper.csproj", "{5EB35C5A-3F3A-4DBB-B78B-DD91322BCA37}"
EndProject
Global
	GlobalSection(SolutionConfigurationPlatforms) = preSolution
		Debug|Any CPU = Debug|Any CPU
		Release|Any CPU = Release|Any CPU
	EndGlobalSection
	GlobalSection(ProjectConfigurationPlatforms) = postSolution
		{5EB35C5A-3F3A-4DBB-B78B-DD91322BCA37}.Debug|Any CPU.ActiveCfg = Debug|Any CPU
		{5EB35C5A-3F3A-4DBB-B78B-DD91322BCA37}.Debug|Any CPU.Build.0 = Debug|Any CPU
		{5EB35C5A-3F3A-4DBB-B78B-DD91322BCA37}.Release|Any CPU.ActiveCfg = Release|Any CPU
		{5EB35C5A-3F3A-4DBB-B78B-DD91322BCA37}.Release|Any CPU.Build.0 = Release|Any CPU
	EndGlobalSection
EndGlobal
